
Microsoft Visual Studio Solution File, Format Version 12.00
# Visual Studio 14
VisualStudioVersion = 14.0.23107.0
MinimumVisualStudioVersion = 10.0.40219.1
Project("{FAE04EC0-301F-11D3-BF4B-00C04F79EFBC}") = "Hospital", "Hospital\Hospital.csproj", "{60A80640-7CD1-4C98-B2B0-06AF76F2FDCF}"
EndProject
Global
	GlobalSection(SolutionConfigurationPlatforms) = preSolution
		Debug|Any CPU = Debug|Any CPU
		Release|Any CPU = Release|Any CPU
	EndGlobalSection
	GlobalSection(ProjectConfigurationPlatforms) = postSolution
		{60A80640-7CD1-4C98-B2B0-06AF76F2FDCF}.Debug|Any CPU.ActiveCfg = Debug|Any CPU
		{60A80640-7CD1-4C98-B2B0-06AF76F2FDCF}.Debug|Any CPU.Build.0 = Debug|Any CPU
		{60A80640-7CD1-4C98-B2B0-06AF76F2FDCF}.Release|Any CPU.ActiveCfg = Release|Any CPU
		{60A80640-7CD1-4C98-B2B0-06AF76F2FDCF}.Release|Any CPU.Build.0 = Release|Any CPU
	EndGlobalSection
	GlobalSection(SolutionProperties) = preSolution
		HideSolutionNode = FALSE
	EndGlobalSection
EndGlobal
